
Microsoft Visual Studio Solution File, Format Version 12.00
# Visual Studio 15
VisualStudioVersion = 15.0.27703.2042
MinimumVisualStudioVersion = 10.0.40219.1
Project("{FAE04EC0-301F-11D3-BF4B-00C04F79EFBC}") = "MembershipAdmin", "MembershipAdmin\MembershipAdmin.csproj", "{4A21EE7A-6FC1-4060-8AC2-032BF54AD837}"
EndProject
Project("{FAE04EC0-301F-11D3-BF4B-00C04F79EFBC}") = "MembershipAdmin.Tests", "MembershipAdmin.Tests\MembershipAdmin.Tests.csproj", "{F83C0DB4-6E26-421B-A318-CE2AC5F23B1F}"
EndProject
Global
	GlobalSection(SolutionConfigurationPlatforms) = preSolution
		Debug|Any CPU = Debug|Any CPU
		Release|Any CPU = Release|Any CPU
	EndGlobalSection
	GlobalSection(ProjectConfigurationPlatforms) = postSolution
		{4A21EE7A-6FC1-4060-8AC2-032BF54AD837}.Debug|Any CPU.ActiveCfg = Debug|Any CPU
		{4A21EE7A-6FC1-4060-8AC2-032BF54AD837}.Debug|Any CPU.Build.0 = Debug|Any CPU
		{4A21EE7A-6FC1-4060-8AC2-032BF54AD837}.Release|Any CPU.ActiveCfg = Release|Any CPU
		{4A21EE7A-6FC1-4060-8AC2-032BF54AD837}.Release|Any CPU.Build.0 = Release|Any CPU
		{F83C0DB4-6E26-421B-A318-CE2AC5F23B1F}.Debug|Any CPU.ActiveCfg = Debug|Any CPU
		{F83C0DB4-6E26-421B-A318-CE2AC5F23B1F}.Debug|Any CPU.Build.0 = Debug|Any CPU
		{F83C0DB4-6E26-421B-A318-CE2AC5F23B1F}.Release|Any CPU.ActiveCfg = Release|Any CPU
		{F83C0DB4-6E26-421B-A318-CE2AC5F23B1F}.Release|Any CPU.Build.0 = Release|Any CPU
	EndGlobalSection
	GlobalSection(SolutionProperties) = preSolution
		HideSolutionNode = FALSE
	EndGlobalSection
	GlobalSection(ExtensibilityGlobals) = postSolution
		SolutionGuid = {C1A9F7C3-4544-434A-A87D-28F30FBE83B4}
	EndGlobalSection
EndGlobal
